
Microsoft Visual Studio Solution File, Format Version 12.00
Project("{FAE04EC0-301F-11D3-BF4B-00C04F79EFBC}") = "ClientSamgk", "ClientSamgk\ClientSamgk.csproj", "{87EB5304-F3A7-4BA0-BE67-9099814E0865}"
EndProject
Project("{FAE04EC0-301F-11D3-BF4B-00C04F79EFBC}") = "ClientSamgkExample", "ClientSamgkExample\ClientSamgkExample.csproj", "{49CE7F0D-4AE6-4E9A-9AAE-F1D2A0B4B67D}"
EndProject
Project("{2150E333-8FDC-42A3-9474-1A3956D46DE8}") = "src", "src", "{7AD8D5C5-CE46-4F42-9F90-515F19014FC3}"
EndProject
Project("{2150E333-8FDC-42A3-9474-1A3956D46DE8}") = "examples", "examples", "{4347AB99-6680-4721-87EB-F975B8A0F983}"
EndProject
Project("{FAE04EC0-301F-11D3-BF4B-00C04F79EFBC}") = "ClientSamgk.Models.Api", "ClientSamgk.Models.Api\ClientSamgk.Models.Api.csproj", "{AD0BBC6E-FAFD-42C8-8F87-CAE8CD494E40}"
EndProject
Project("{FAE04EC0-301F-11D3-BF4B-00C04F79EFBC}") = "ClientSamgk.Models.Api.Mfc", "ClientSamgk.Models.Api.Mfc\ClientSamgk.Models.Api.Mfc.csproj", "{B6208F24-2A44-4966-8123-617AE69B07E3}"
EndProject
Project("{FAE04EC0-301F-11D3-BF4B-00C04F79EFBC}") = "ClientSamgk.Models.Enums", "ClientSamgk.Models.Enums\ClientSamgk.Models.Enums.csproj", "{36535AAF-AFB5-4CB7-AD15-421E7103932A}"
EndProject
Project("{2150E333-8FDC-42A3-9474-1A3956D46DE8}") = "models", "models", "{8C9F2100-EB72-4085-9B0E-6281977B1E44}"
EndProject
Project("{FAE04EC0-301F-11D3-BF4B-00C04F79EFBC}") = "ClientSamgk.Models.Params", "ClientSamgk.Models.Params\ClientSamgk.Models.Params.csproj", "{897599D9-E660-4C2C-94F7-5643DB5F1B33}"
EndProject
Project("{FAE04EC0-301F-11D3-BF4B-00C04F79EFBC}") = "ClientSamgk.DependencyInjection", "ClientSamgk.DependencyInjection\ClientSamgk.DependencyInjection.csproj", "{F30579C6-D97F-48F6-8656-F98773DE4749}"
EndProject
Project("{FAE04EC0-301F-11D3-BF4B-00C04F79EFBC}") = "ClientSamgkDiExample", "ClientSamgkDiExample\ClientSamgkDiExample.csproj", "{8CD2E0CB-1D98-4107-A6F0-5BAEF11C9CB6}"
EndProject
Global
	GlobalSection(SolutionConfigurationPlatforms) = preSolution
		Debug|Any CPU = Debug|Any CPU
		Release|Any CPU = Release|Any CPU
	EndGlobalSection
	GlobalSection(ProjectConfigurationPlatforms) = postSolution
		{87EB5304-F3A7-4BA0-BE67-9099814E0865}.Debug|Any CPU.ActiveCfg = Debug|Any CPU
		{87EB5304-F3A7-4BA0-BE67-9099814E0865}.Debug|Any CPU.Build.0 = Debug|Any CPU
		{87EB5304-F3A7-4BA0-BE67-9099814E0865}.Release|Any CPU.ActiveCfg = Release|Any CPU
		{87EB5304-F3A7-4BA0-BE67-9099814E0865}.Release|Any CPU.Build.0 = Release|Any CPU
		{49CE7F0D-4AE6-4E9A-9AAE-F1D2A0B4B67D}.Debug|Any CPU.ActiveCfg = Debug|Any CPU
		{49CE7F0D-4AE6-4E9A-9AAE-F1D2A0B4B67D}.Debug|Any CPU.Build.0 = Debug|Any CPU
		{49CE7F0D-4AE6-4E9A-9AAE-F1D2A0B4B67D}.Release|Any CPU.ActiveCfg = Release|Any CPU
		{49CE7F0D-4AE6-4E9A-9AAE-F1D2A0B4B67D}.Release|Any CPU.Build.0 = Release|Any CPU
		{AD0BBC6E-FAFD-42C8-8F87-CAE8CD494E40}.Debug|Any CPU.ActiveCfg = Debug|Any CPU
		{AD0BBC6E-FAFD-42C8-8F87-CAE8CD494E40}.Debug|Any CPU.Build.0 = Debug|Any CPU
		{AD0BBC6E-FAFD-42C8-8F87-CAE8CD494E40}.Release|Any CPU.ActiveCfg = Release|Any CPU
		{AD0BBC6E-FAFD-42C8-8F87-CAE8CD494E40}.Release|Any CPU.Build.0 = Release|Any CPU
		{B6208F24-2A44-4966-8123-617AE69B07E3}.Debug|Any CPU.ActiveCfg = Debug|Any CPU
		{B6208F24-2A44-4966-8123-617AE69B07E3}.Debug|Any CPU.Build.0 = Debug|Any CPU
		{B6208F24-2A44-4966-8123-617AE69B07E3}.Release|Any CPU.ActiveCfg = Release|Any CPU
		{B6208F24-2A44-4966-8123-617AE69B07E3}.Release|Any CPU.Build.0 = Release|Any CPU
		{36535AAF-AFB5-4CB7-AD15-421E7103932A}.Debug|Any CPU.ActiveCfg = Debug|Any CPU
		{36535AAF-AFB5-4CB7-AD15-421E7103932A}.Debug|Any CPU.Build.0 = Debug|Any CPU
		{36535AAF-AFB5-4CB7-AD15-421E7103932A}.Release|Any CPU.ActiveCfg = Release|Any CPU
		{36535AAF-AFB5-4CB7-AD15-421E7103932A}.Release|Any CPU.Build.0 = Release|Any CPU
		{897599D9-E660-4C2C-94F7-5643DB5F1B33}.Debug|Any CPU.ActiveCfg = Debug|Any CPU
		{897599D9-E660-4C2C-94F7-5643DB5F1B33}.Debug|Any CPU.Build.0 = Debug|Any CPU
		{897599D9-E660-4C2C-94F7-5643DB5F1B33}.Release|Any CPU.ActiveCfg = Release|Any CPU
		{897599D9-E660-4C2C-94F7-5643DB5F1B33}.Release|Any CPU.Build.0 = Release|Any CPU
		{F30579C6-D97F-48F6-8656-F98773DE4749}.Debug|Any CPU.ActiveCfg = Debug|Any CPU
		{F30579C6-D97F-48F6-8656-F98773DE4749}.Debug|Any CPU.Build.0 = Debug|Any CPU
		{F30579C6-D97F-48F6-8656-F98773DE4749}.Release|Any CPU.ActiveCfg = Release|Any CPU
		{F30579C6-D97F-48F6-8656-F98773DE4749}.Release|Any CPU.Build.0 = Release|Any CPU
		{8CD2E0CB-1D98-4107-A6F0-5BAEF11C9CB6}.Debug|Any CPU.ActiveCfg = Debug|Any CPU
		{8CD2E0CB-1D98-4107-A6F0-5BAEF11C9CB6}.Debug|Any CPU.Build.0 = Debug|Any CPU
		{8CD2E0CB-1D98-4107-A6F0-5BAEF11C9CB6}.Release|Any CPU.ActiveCfg = Release|Any CPU
		{8CD2E0CB-1D98-4107-A6F0-5BAEF11C9CB6}.Release|Any CPU.Build.0 = Release|Any CPU
	EndGlobalSection
	GlobalSection(NestedProjects) = preSolution
		{87EB5304-F3A7-4BA0-BE67-9099814E0865} = {7AD8D5C5-CE46-4F42-9F90-515F19014FC3}
		{49CE7F0D-4AE6-4E9A-9AAE-F1D2A0B4B67D} = {4347AB99-6680-4721-87EB-F975B8A0F983}
		{8C9F2100-EB72-4085-9B0E-6281977B1E44} = {7AD8D5C5-CE46-4F42-9F90-515F19014FC3}
		{AD0BBC6E-FAFD-42C8-8F87-CAE8CD494E40} = {8C9F2100-EB72-4085-9B0E-6281977B1E44}
		{B6208F24-2A44-4966-8123-617AE69B07E3} = {8C9F2100-EB72-4085-9B0E-6281977B1E44}
		{36535AAF-AFB5-4CB7-AD15-421E7103932A} = {8C9F2100-EB72-4085-9B0E-6281977B1E44}
		{897599D9-E660-4C2C-94F7-5643DB5F1B33} = {8C9F2100-EB72-4085-9B0E-6281977B1E44}
		{F30579C6-D97F-48F6-8656-F98773DE4749} = {7AD8D5C5-CE46-4F42-9F90-515F19014FC3}
		{8CD2E0CB-1D98-4107-A6F0-5BAEF11C9CB6} = {4347AB99-6680-4721-87EB-F975B8A0F983}
	EndGlobalSection
EndGlobal
